--- 
dependencies: 
  formatador: 
    group: 
    - :default
    version: ">= 0.0.10"
  rake: 
    group: 
    - :default
    version: ">= 0"
  ruby-hmac: 
    group: 
    - :default
    version: ">= 0"
  mime-types: 
    group: 
    - :default
    version: ">= 0"
  rspec: 
    group: 
    - :default
    version: ">= 0"
  net-ssh: 
    group: 
    - :default
    version: ">= 0"
  json: 
    group: 
    - :default
    version: ">= 0"
  excon: 
    group: 
    - :default
    version: ">= 0.0.22"
  shindo: 
    group: 
    - :default
    version: ">= 0"
  nokogiri: 
    group: 
    - :default
    version: ">= 0"
specs: 
- rake: 
    version: 0.8.7
- excon: 
    version: 0.0.22
- formatador: 
    version: 0.0.14
- gestalt: 
    version: 0.0.6
- json: 
    version: 1.4.3
- mime-types: 
    version: "1.16"
- net-ssh: 
    version: 2.0.22
- nokogiri: 
    version: 1.4.1
- rspec: 
    version: 1.3.0
- ruby-hmac: 
    version: 0.4.0
- shindo: 
    version: 0.0.18
hash: a39d842433b002231eebfd269d32fe72b489b62f
sources: 
- Rubygems: 
    uri: http://gemcutter.org
