--- 
specs: 
- rake: 
    version: 0.8.7
- annals: 
    version: 0.0.3
- excon: 
    version: 0.0.21
- formatador: 
    version: 0.0.13
- json: 
    version: 1.4.1
- mime-types: 
    version: "1.16"
- net-ssh: 
    version: 2.0.22
- nokogiri: 
    version: 1.4.1
- ruby-hmac: 
    version: 0.4.0
- fog: 
    version: 0.0.84
    source: 0
- rspec: 
    version: 1.3.0
- shindo: 
    version: 0.0.17
hash: 6cf30542dfb9f6105f2e82d59ca1b74d7285aa68
sources: 
- Path: 
    path: !ruby/object:Pathname 
      path: .
- Rubygems: 
    uri: http://gemcutter.org
dependencies: 
  formatador: 
    version: ">= 0.0.10"
    group: 
    - :default
  nokogiri: 
    version: ">= 0"
    group: 
    - :default
  rspec: 
    version: ">= 0"
    group: 
    - :default
  rake: 
    version: ">= 0"
    group: 
    - :default
  mime-types: 
    version: ">= 0"
    group: 
    - :default
  ruby-hmac: 
    version: ">= 0"
    group: 
    - :default
  net-ssh: 
    version: ">= 0"
    group: 
    - :default
  fog: 
    version: ">= 0"
    group: 
    - :default
  excon: 
    version: ">= 0.0.21"
    group: 
    - :default
  json: 
    version: ">= 0"
    group: 
    - :default
  shindo: 
    version: ">= 0"
    group: 
    - :default
